
Microsoft Visual Studio Solution File, Format Version 12.00
# Visual Studio Version 17
VisualStudioVersion = 17.4.33205.214
MinimumVisualStudioVersion = 10.0.40219.1
Project("{FAE04EC0-301F-11D3-BF4B-00C04F79EFBC}") = "RestSharpTestProgram", "RestSharpTestProgram\RestSharpTestProgram.csproj", "{87165E4F-C991-487D-A0D4-506B3252F491}"
EndProject
Global
	GlobalSection(SolutionConfigurationPlatforms) = preSolution
		Debug|Any CPU = Debug|Any CPU
		Release|Any CPU = Release|Any CPU
	EndGlobalSection
	GlobalSection(ProjectConfigurationPlatforms) = postSolution
		{87165E4F-C991-487D-A0D4-506B3252F491}.Debug|Any CPU.ActiveCfg = Debug|Any CPU
		{87165E4F-C991-487D-A0D4-506B3252F491}.Debug|Any CPU.Build.0 = Debug|Any CPU
		{87165E4F-C991-487D-A0D4-506B3252F491}.Release|Any CPU.ActiveCfg = Release|Any CPU
		{87165E4F-C991-487D-A0D4-506B3252F491}.Release|Any CPU.Build.0 = Release|Any CPU
	EndGlobalSection
	GlobalSection(SolutionProperties) = preSolution
		HideSolutionNode = FALSE
	EndGlobalSection
	GlobalSection(ExtensibilityGlobals) = postSolution
		SolutionGuid = {28BCDCDF-D933-49CA-A652-5EFEA9335B3F}
	EndGlobalSection
EndGlobal
